
Microsoft Visual Studio Solution File, Format Version 12.00
# Visual Studio 15
VisualStudioVersion = 15.0.27130.2026
MinimumVisualStudioVersion = 10.0.40219.1
Project("{FAE04EC0-301F-11D3-BF4B-00C04F79EFBC}") = "LittleWeeb", "LittleWeeb\LittleWeeb.csproj", "{8A129020-1853-49FA-9FAC-C060AD6C1F74}"
EndProject
Project("{9A19103F-16F7-4668-BE54-9A1E7A4F7556}") = "LittleWeebLibrary", "LittleWeebLibrary\LittleWeebLibrary.csproj", "{D1C39150-7B68-436C-96DB-9765B131FF00}"
EndProject
Project("{FAE04EC0-301F-11D3-BF4B-00C04F79EFBC}") = "LittleWeebServer", "LittleWeebServer\LittleWeebServer.csproj", "{43815445-5BEB-4DB4-BC69-05B5A4179303}"
	ProjectSection(ProjectDependencies) = postProject
		{D1C39150-7B68-436C-96DB-9765B131FF00} = {D1C39150-7B68-436C-96DB-9765B131FF00}
	EndProjectSection
EndProject
Global
	GlobalSection(SolutionConfigurationPlatforms) = preSolution
		Debug Android_|Any CPU = Debug Android_|Any CPU
		Debug Android_|x64 = Debug Android_|x64
		Debug Android_|x86 = Debug Android_|x86
		Debug Android|Any CPU = Debug Android|Any CPU
		Debug Android|x64 = Debug Android|x64
		Debug Android|x86 = Debug Android|x86
		Debug|Any CPU = Debug|Any CPU
		Debug|x64 = Debug|x64
		Debug|x86 = Debug|x86
		Release Android|Any CPU = Release Android|Any CPU
		Release Android|x64 = Release Android|x64
		Release Android|x86 = Release Android|x86
		Release|Any CPU = Release|Any CPU
		Release|x64 = Release|x64
		Release|x86 = Release|x86
	EndGlobalSection
	GlobalSection(ProjectConfigurationPlatforms) = postSolution
		{8A129020-1853-49FA-9FAC-C060AD6C1F74}.Debug Android_|Any CPU.ActiveCfg = Debug|Any CPU
		{8A129020-1853-49FA-9FAC-C060AD6C1F74}.Debug Android_|Any CPU.Build.0 = Debug|Any CPU
		{8A129020-1853-49FA-9FAC-C060AD6C1F74}.Debug Android_|x64.ActiveCfg = Debug|x64
		{8A129020-1853-49FA-9FAC-C060AD6C1F74}.Debug Android_|x64.Build.0 = Debug|x64
		{8A129020-1853-49FA-9FAC-C060AD6C1F74}.Debug Android_|x86.ActiveCfg = Debug|x86
		{8A129020-1853-49FA-9FAC-C060AD6C1F74}.Debug Android_|x86.Build.0 = Debug|x86
		{8A129020-1853-49FA-9FAC-C060AD6C1F74}.Debug Android|Any CPU.ActiveCfg = Debug|Any CPU
		{8A129020-1853-49FA-9FAC-C060AD6C1F74}.Debug Android|Any CPU.Build.0 = Debug|Any CPU
		{8A129020-1853-49FA-9FAC-C060AD6C1F74}.Debug Android|x64.ActiveCfg = Debug|x64
		{8A129020-1853-49FA-9FAC-C060AD6C1F74}.Debug Android|x64.Build.0 = Debug|x64
		{8A129020-1853-49FA-9FAC-C060AD6C1F74}.Debug Android|x86.ActiveCfg = Debug|x86
		{8A129020-1853-49FA-9FAC-C060AD6C1F74}.Debug Android|x86.Build.0 = Debug|x86
		{8A129020-1853-49FA-9FAC-C060AD6C1F74}.Debug|Any CPU.ActiveCfg = Debug|Any CPU
		{8A129020-1853-49FA-9FAC-C060AD6C1F74}.Debug|Any CPU.Build.0 = Debug|Any CPU
		{8A129020-1853-49FA-9FAC-C060AD6C1F74}.Debug|x64.ActiveCfg = Debug|x64
		{8A129020-1853-49FA-9FAC-C060AD6C1F74}.Debug|x64.Build.0 = Debug|x64
		{8A129020-1853-49FA-9FAC-C060AD6C1F74}.Debug|x86.ActiveCfg = Debug|Any CPU
		{8A129020-1853-49FA-9FAC-C060AD6C1F74}.Debug|x86.Build.0 = Debug|Any CPU
		{8A129020-1853-49FA-9FAC-C060AD6C1F74}.Release Android|Any CPU.ActiveCfg = Release|Any CPU
		{8A129020-1853-49FA-9FAC-C060AD6C1F74}.Release Android|Any CPU.Build.0 = Release|Any CPU
		{8A129020-1853-49FA-9FAC-C060AD6C1F74}.Release Android|x64.ActiveCfg = Release|x64
		{8A129020-1853-49FA-9FAC-C060AD6C1F74}.Release Android|x64.Build.0 = Release|x64
		{8A129020-1853-49FA-9FAC-C060AD6C1F74}.Release Android|x86.ActiveCfg = Release|x86
		{8A129020-1853-49FA-9FAC-C060AD6C1F74}.Release Android|x86.Build.0 = Release|x86
		{8A129020-1853-49FA-9FAC-C060AD6C1F74}.Release|Any CPU.ActiveCfg = Release|Any CPU
		{8A129020-1853-49FA-9FAC-C060AD6C1F74}.Release|Any CPU.Build.0 = Release|Any CPU
		{8A129020-1853-49FA-9FAC-C060AD6C1F74}.Release|x64.ActiveCfg = Release|x64
		{8A129020-1853-49FA-9FAC-C060AD6C1F74}.Release|x64.Build.0 = Release|x64
		{8A129020-1853-49FA-9FAC-C060AD6C1F74}.Release|x86.ActiveCfg = Release|x86
		{8A129020-1853-49FA-9FAC-C060AD6C1F74}.Release|x86.Build.0 = Release|x86
		{D1C39150-7B68-436C-96DB-9765B131FF00}.Debug Android_|Any CPU.ActiveCfg = Debug Android_|Any CPU
		{D1C39150-7B68-436C-96DB-9765B131FF00}.Debug Android_|Any CPU.Build.0 = Debug Android_|Any CPU
		{D1C39150-7B68-436C-96DB-9765B131FF00}.Debug Android_|x64.ActiveCfg = Debug Android_|Any CPU
		{D1C39150-7B68-436C-96DB-9765B131FF00}.Debug Android_|x64.Build.0 = Debug Android_|Any CPU
		{D1C39150-7B68-436C-96DB-9765B131FF00}.Debug Android_|x86.ActiveCfg = Debug Android_|Any CPU
		{D1C39150-7B68-436C-96DB-9765B131FF00}.Debug Android_|x86.Build.0 = Debug Android_|Any CPU
		{D1C39150-7B68-436C-96DB-9765B131FF00}.Debug Android|Any CPU.ActiveCfg = Debug Android_|Any CPU
		{D1C39150-7B68-436C-96DB-9765B131FF00}.Debug Android|Any CPU.Build.0 = Debug Android_|Any CPU
		{D1C39150-7B68-436C-96DB-9765B131FF00}.Debug Android|x64.ActiveCfg = Debug Android_|Any CPU
		{D1C39150-7B68-436C-96DB-9765B131FF00}.Debug Android|x64.Build.0 = Debug Android_|Any CPU
		{D1C39150-7B68-436C-96DB-9765B131FF00}.Debug Android|x86.ActiveCfg = Debug Android_|Any CPU
		{D1C39150-7B68-436C-96DB-9765B131FF00}.Debug Android|x86.Build.0 = Debug Android_|Any CPU
		{D1C39150-7B68-436C-96DB-9765B131FF00}.Debug|Any CPU.ActiveCfg = Debug|Any CPU
		{D1C39150-7B68-436C-96DB-9765B131FF00}.Debug|Any CPU.Build.0 = Debug|Any CPU
		{D1C39150-7B68-436C-96DB-9765B131FF00}.Debug|x64.ActiveCfg = Debug|Any CPU
		{D1C39150-7B68-436C-96DB-9765B131FF00}.Debug|x64.Build.0 = Debug|Any CPU
		{D1C39150-7B68-436C-96DB-9765B131FF00}.Debug|x86.ActiveCfg = Debug|Any CPU
		{D1C39150-7B68-436C-96DB-9765B131FF00}.Debug|x86.Build.0 = Debug|Any CPU
		{D1C39150-7B68-436C-96DB-9765B131FF00}.Release Android|Any CPU.ActiveCfg = Release|Any CPU
		{D1C39150-7B68-436C-96DB-9765B131FF00}.Release Android|Any CPU.Build.0 = Release|Any CPU
		{D1C39150-7B68-436C-96DB-9765B131FF00}.Release Android|x64.ActiveCfg = Release Android|Any CPU
		{D1C39150-7B68-436C-96DB-9765B131FF00}.Release Android|x64.Build.0 = Release Android|Any CPU
		{D1C39150-7B68-436C-96DB-9765B131FF00}.Release Android|x86.ActiveCfg = Release Android|Any CPU
		{D1C39150-7B68-436C-96DB-9765B131FF00}.Release Android|x86.Build.0 = Release Android|Any CPU
		{D1C39150-7B68-436C-96DB-9765B131FF00}.Release|Any CPU.ActiveCfg = Release|Any CPU
		{D1C39150-7B68-436C-96DB-9765B131FF00}.Release|Any CPU.Build.0 = Release|Any CPU
		{D1C39150-7B68-436C-96DB-9765B131FF00}.Release|x64.ActiveCfg = Release|Any CPU
		{D1C39150-7B68-436C-96DB-9765B131FF00}.Release|x64.Build.0 = Release|Any CPU
		{D1C39150-7B68-436C-96DB-9765B131FF00}.Release|x86.ActiveCfg = Release|Any CPU
		{D1C39150-7B68-436C-96DB-9765B131FF00}.Release|x86.Build.0 = Release|Any CPU
		{43815445-5BEB-4DB4-BC69-05B5A4179303}.Debug Android_|Any CPU.ActiveCfg = Debug|Any CPU
		{43815445-5BEB-4DB4-BC69-05B5A4179303}.Debug Android_|Any CPU.Build.0 = Debug|Any CPU
		{43815445-5BEB-4DB4-BC69-05B5A4179303}.Debug Android_|x64.ActiveCfg = Debug|Any CPU
		{43815445-5BEB-4DB4-BC69-05B5A4179303}.Debug Android_|x64.Build.0 = Debug|Any CPU
		{43815445-5BEB-4DB4-BC69-05B5A4179303}.Debug Android_|x86.ActiveCfg = Debug|Any CPU
		{43815445-5BEB-4DB4-BC69-05B5A4179303}.Debug Android_|x86.Build.0 = Debug|Any CPU
		{43815445-5BEB-4DB4-BC69-05B5A4179303}.Debug Android|Any CPU.ActiveCfg = Debug|Any CPU
		{43815445-5BEB-4DB4-BC69-05B5A4179303}.Debug Android|Any CPU.Build.0 = Debug|Any CPU
		{43815445-5BEB-4DB4-BC69-05B5A4179303}.Debug Android|x64.ActiveCfg = Debug|Any CPU
		{43815445-5BEB-4DB4-BC69-05B5A4179303}.Debug Android|x64.Build.0 = Debug|Any CPU
		{43815445-5BEB-4DB4-BC69-05B5A4179303}.Debug Android|x86.ActiveCfg = Debug|Any CPU
		{43815445-5BEB-4DB4-BC69-05B5A4179303}.Debug Android|x86.Build.0 = Debug|Any CPU
		{43815445-5BEB-4DB4-BC69-05B5A4179303}.Debug|Any CPU.ActiveCfg = Debug|Any CPU
		{43815445-5BEB-4DB4-BC69-05B5A4179303}.Debug|Any CPU.Build.0 = Debug|Any CPU
		{43815445-5BEB-4DB4-BC69-05B5A4179303}.Debug|x64.ActiveCfg = Debug|Any CPU
		{43815445-5BEB-4DB4-BC69-05B5A4179303}.Debug|x64.Build.0 = Debug|Any CPU
		{43815445-5BEB-4DB4-BC69-05B5A4179303}.Debug|x86.ActiveCfg = Debug|Any CPU
		{43815445-5BEB-4DB4-BC69-05B5A4179303}.Debug|x86.Build.0 = Debug|Any CPU
		{43815445-5BEB-4DB4-BC69-05B5A4179303}.Release Android|Any CPU.ActiveCfg = Release|Any CPU
		{43815445-5BEB-4DB4-BC69-05B5A4179303}.Release Android|Any CPU.Build.0 = Release|Any CPU
		{43815445-5BEB-4DB4-BC69-05B5A4179303}.Release Android|x64.ActiveCfg = Release|Any CPU
		{43815445-5BEB-4DB4-BC69-05B5A4179303}.Release Android|x64.Build.0 = Release|Any CPU
		{43815445-5BEB-4DB4-BC69-05B5A4179303}.Release Android|x86.ActiveCfg = Release|Any CPU
		{43815445-5BEB-4DB4-BC69-05B5A4179303}.Release Android|x86.Build.0 = Release|Any CPU
		{43815445-5BEB-4DB4-BC69-05B5A4179303}.Release|Any CPU.ActiveCfg = Release|Any CPU
		{43815445-5BEB-4DB4-BC69-05B5A4179303}.Release|Any CPU.Build.0 = Release|Any CPU
		{43815445-5BEB-4DB4-BC69-05B5A4179303}.Release|x64.ActiveCfg = Release|Any CPU
		{43815445-5BEB-4DB4-BC69-05B5A4179303}.Release|x64.Build.0 = Release|Any CPU
		{43815445-5BEB-4DB4-BC69-05B5A4179303}.Release|x86.ActiveCfg = Release|Any CPU
		{43815445-5BEB-4DB4-BC69-05B5A4179303}.Release|x86.Build.0 = Release|Any CPU
	EndGlobalSection
	GlobalSection(SolutionProperties) = preSolution
		HideSolutionNode = FALSE
	EndGlobalSection
	GlobalSection(ExtensibilityGlobals) = postSolution
		SolutionGuid = {5E168281-541F-413D-8846-2CAB27B696CC}
	EndGlobalSection
EndGlobal
