
Microsoft Visual Studio Solution File, Format Version 12.00
# Visual Studio 15
VisualStudioVersion = 15.0.27130.2026
MinimumVisualStudioVersion = 10.0.40219.1
Project("{9A19103F-16F7-4668-BE54-9A1E7A4F7556}") = "LittleWeebLibrary", "LittleWeebLibrary\LittleWeebLibrary.csproj", "{D1C39150-7B68-436C-96DB-9765B131FF00}"
EndProject
Project("{9A19103F-16F7-4668-BE54-9A1E7A4F7556}") = "LittleWeebDesktop", "LittleWeebDesktop\LittleWeebDesktop.csproj", "{DD6C937B-84CA-4197-B7E7-565C4FC3D306}"
	ProjectSection(ProjectDependencies) = postProject
		{D1C39150-7B68-436C-96DB-9765B131FF00} = {D1C39150-7B68-436C-96DB-9765B131FF00}
	EndProjectSection
EndProject
Global
	GlobalSection(SolutionConfigurationPlatforms) = preSolution
		Debug Android_|Any CPU = Debug Android_|Any CPU
		Debug Android_|x64 = Debug Android_|x64
		Debug Android_|x86 = Debug Android_|x86
		Debug Android|Any CPU = Debug Android|Any CPU
		Debug Android|x64 = Debug Android|x64
		Debug Android|x86 = Debug Android|x86
		Debug|Any CPU = Debug|Any CPU
		Debug|x64 = Debug|x64
		Debug|x86 = Debug|x86
		Release Android|Any CPU = Release Android|Any CPU
		Release Android|x64 = Release Android|x64
		Release Android|x86 = Release Android|x86
		Release|Any CPU = Release|Any CPU
		Release|x64 = Release|x64
		Release|x86 = Release|x86
	EndGlobalSection
	GlobalSection(ProjectConfigurationPlatforms) = postSolution
		{D1C39150-7B68-436C-96DB-9765B131FF00}.Debug Android_|Any CPU.ActiveCfg = Debug Android_|Any CPU
		{D1C39150-7B68-436C-96DB-9765B131FF00}.Debug Android_|Any CPU.Build.0 = Debug Android_|Any CPU
		{D1C39150-7B68-436C-96DB-9765B131FF00}.Debug Android_|x64.ActiveCfg = Debug Android_|Any CPU
		{D1C39150-7B68-436C-96DB-9765B131FF00}.Debug Android_|x64.Build.0 = Debug Android_|Any CPU
		{D1C39150-7B68-436C-96DB-9765B131FF00}.Debug Android_|x86.ActiveCfg = Debug Android_|Any CPU
		{D1C39150-7B68-436C-96DB-9765B131FF00}.Debug Android_|x86.Build.0 = Debug Android_|Any CPU
		{D1C39150-7B68-436C-96DB-9765B131FF00}.Debug Android|Any CPU.ActiveCfg = Debug Android_|Any CPU
		{D1C39150-7B68-436C-96DB-9765B131FF00}.Debug Android|Any CPU.Build.0 = Debug Android_|Any CPU
		{D1C39150-7B68-436C-96DB-9765B131FF00}.Debug Android|x64.ActiveCfg = Debug Android_|Any CPU
		{D1C39150-7B68-436C-96DB-9765B131FF00}.Debug Android|x64.Build.0 = Debug Android_|Any CPU
		{D1C39150-7B68-436C-96DB-9765B131FF00}.Debug Android|x86.ActiveCfg = Debug Android_|Any CPU
		{D1C39150-7B68-436C-96DB-9765B131FF00}.Debug Android|x86.Build.0 = Debug Android_|Any CPU
		{D1C39150-7B68-436C-96DB-9765B131FF00}.Debug|Any CPU.ActiveCfg = Debug|Any CPU
		{D1C39150-7B68-436C-96DB-9765B131FF00}.Debug|Any CPU.Build.0 = Debug|Any CPU
		{D1C39150-7B68-436C-96DB-9765B131FF00}.Debug|x64.ActiveCfg = Debug|Any CPU
		{D1C39150-7B68-436C-96DB-9765B131FF00}.Debug|x64.Build.0 = Debug|Any CPU
		{D1C39150-7B68-436C-96DB-9765B131FF00}.Debug|x86.ActiveCfg = Debug|Any CPU
		{D1C39150-7B68-436C-96DB-9765B131FF00}.Debug|x86.Build.0 = Debug|Any CPU
		{D1C39150-7B68-436C-96DB-9765B131FF00}.Release Android|Any CPU.ActiveCfg = Release Android|Any CPU
		{D1C39150-7B68-436C-96DB-9765B131FF00}.Release Android|Any CPU.Build.0 = Release Android|Any CPU
		{D1C39150-7B68-436C-96DB-9765B131FF00}.Release Android|x64.ActiveCfg = Release Android|Any CPU
		{D1C39150-7B68-436C-96DB-9765B131FF00}.Release Android|x64.Build.0 = Release Android|Any CPU
		{D1C39150-7B68-436C-96DB-9765B131FF00}.Release Android|x86.ActiveCfg = Release Android|Any CPU
		{D1C39150-7B68-436C-96DB-9765B131FF00}.Release Android|x86.Build.0 = Release Android|Any CPU
		{D1C39150-7B68-436C-96DB-9765B131FF00}.Release|Any CPU.ActiveCfg = Release|Any CPU
		{D1C39150-7B68-436C-96DB-9765B131FF00}.Release|Any CPU.Build.0 = Release|Any CPU
		{D1C39150-7B68-436C-96DB-9765B131FF00}.Release|x64.ActiveCfg = Release|Any CPU
		{D1C39150-7B68-436C-96DB-9765B131FF00}.Release|x64.Build.0 = Release|Any CPU
		{D1C39150-7B68-436C-96DB-9765B131FF00}.Release|x86.ActiveCfg = Release|Any CPU
		{D1C39150-7B68-436C-96DB-9765B131FF00}.Release|x86.Build.0 = Release|Any CPU
		{DD6C937B-84CA-4197-B7E7-565C4FC3D306}.Debug Android_|Any CPU.ActiveCfg = Debug|Any CPU
		{DD6C937B-84CA-4197-B7E7-565C4FC3D306}.Debug Android_|Any CPU.Build.0 = Debug|Any CPU
		{DD6C937B-84CA-4197-B7E7-565C4FC3D306}.Debug Android_|x64.ActiveCfg = Debug|Any CPU
		{DD6C937B-84CA-4197-B7E7-565C4FC3D306}.Debug Android_|x64.Build.0 = Debug|Any CPU
		{DD6C937B-84CA-4197-B7E7-565C4FC3D306}.Debug Android_|x86.ActiveCfg = Debug|Any CPU
		{DD6C937B-84CA-4197-B7E7-565C4FC3D306}.Debug Android_|x86.Build.0 = Debug|Any CPU
		{DD6C937B-84CA-4197-B7E7-565C4FC3D306}.Debug Android|Any CPU.ActiveCfg = Debug|Any CPU
		{DD6C937B-84CA-4197-B7E7-565C4FC3D306}.Debug Android|Any CPU.Build.0 = Debug|Any CPU
		{DD6C937B-84CA-4197-B7E7-565C4FC3D306}.Debug Android|x64.ActiveCfg = Debug|Any CPU
		{DD6C937B-84CA-4197-B7E7-565C4FC3D306}.Debug Android|x64.Build.0 = Debug|Any CPU
		{DD6C937B-84CA-4197-B7E7-565C4FC3D306}.Debug Android|x86.ActiveCfg = Debug|Any CPU
		{DD6C937B-84CA-4197-B7E7-565C4FC3D306}.Debug Android|x86.Build.0 = Debug|Any CPU
		{DD6C937B-84CA-4197-B7E7-565C4FC3D306}.Debug|Any CPU.ActiveCfg = Debug|Any CPU
		{DD6C937B-84CA-4197-B7E7-565C4FC3D306}.Debug|Any CPU.Build.0 = Debug|Any CPU
		{DD6C937B-84CA-4197-B7E7-565C4FC3D306}.Debug|x64.ActiveCfg = Debug|Any CPU
		{DD6C937B-84CA-4197-B7E7-565C4FC3D306}.Debug|x64.Build.0 = Debug|Any CPU
		{DD6C937B-84CA-4197-B7E7-565C4FC3D306}.Debug|x86.ActiveCfg = Debug|Any CPU
		{DD6C937B-84CA-4197-B7E7-565C4FC3D306}.Debug|x86.Build.0 = Debug|Any CPU
		{DD6C937B-84CA-4197-B7E7-565C4FC3D306}.Release Android|Any CPU.ActiveCfg = Release|Any CPU
		{DD6C937B-84CA-4197-B7E7-565C4FC3D306}.Release Android|Any CPU.Build.0 = Release|Any CPU
		{DD6C937B-84CA-4197-B7E7-565C4FC3D306}.Release Android|x64.ActiveCfg = Release|Any CPU
		{DD6C937B-84CA-4197-B7E7-565C4FC3D306}.Release Android|x64.Build.0 = Release|Any CPU
		{DD6C937B-84CA-4197-B7E7-565C4FC3D306}.Release Android|x86.ActiveCfg = Release|Any CPU
		{DD6C937B-84CA-4197-B7E7-565C4FC3D306}.Release Android|x86.Build.0 = Release|Any CPU
		{DD6C937B-84CA-4197-B7E7-565C4FC3D306}.Release|Any CPU.ActiveCfg = Release|Any CPU
		{DD6C937B-84CA-4197-B7E7-565C4FC3D306}.Release|Any CPU.Build.0 = Release|Any CPU
		{DD6C937B-84CA-4197-B7E7-565C4FC3D306}.Release|x64.ActiveCfg = Release|Any CPU
		{DD6C937B-84CA-4197-B7E7-565C4FC3D306}.Release|x64.Build.0 = Release|Any CPU
		{DD6C937B-84CA-4197-B7E7-565C4FC3D306}.Release|x86.ActiveCfg = Release|Any CPU
		{DD6C937B-84CA-4197-B7E7-565C4FC3D306}.Release|x86.Build.0 = Release|Any CPU
	EndGlobalSection
	GlobalSection(SolutionProperties) = preSolution
		HideSolutionNode = FALSE
	EndGlobalSection
	GlobalSection(ExtensibilityGlobals) = postSolution
		SolutionGuid = {5E168281-541F-413D-8846-2CAB27B696CC}
	EndGlobalSection
EndGlobal
