
Microsoft Visual Studio Solution File, Format Version 12.00
# Visual Studio 15
VisualStudioVersion = 15.0.26430.6
MinimumVisualStudioVersion = 10.0.40219.1
Project("{FAE04EC0-301F-11D3-BF4B-00C04F79EFBC}") = "LittleWeeb", "LittleWeeb\LittleWeeb.csproj", "{8A129020-1853-49FA-9FAC-C060AD6C1F74}"
EndProject
Project("{FAE04EC0-301F-11D3-BF4B-00C04F79EFBC}") = "LittleWeebLibrary", "LittleWeebLibrary\LittleWeebLibrary.csproj", "{A7F95BF3-4B7C-491B-9893-E76404636B5F}"
EndProject
Project("{FAE04EC0-301F-11D3-BF4B-00C04F79EFBC}") = "LittleWeebServer", "LittleWeebServer\LittleWeebServer.csproj", "{2C9CD9E3-034E-4F7B-91F4-37151B96C303}"
EndProject
Project("{FAE04EC0-301F-11D3-BF4B-00C04F79EFBC}") = "SimpleIRCLib", "..\..\..\..\GitHub\SimpleIRCLib\SimpleIRCLib\SimpleIRCLib.csproj", "{3D881A50-DB1A-464E-A51E-4CE5EB8BD5F1}"
EndProject
Project("{FAE04EC0-301F-11D3-BF4B-00C04F79EFBC}") = "IrcLibTest", "..\..\..\..\GitHub\SimpleIRCLib\IrcLibTest\IrcLibTest.csproj", "{27C58F1A-4851-4A5B-85F7-C387971543DA}"
EndProject
Project("{FAE04EC0-301F-11D3-BF4B-00C04F79EFBC}") = "FormExample", "..\..\..\..\GitHub\SimpleIRCLib\FormExample\FormExample.csproj", "{A46528E0-6BB9-4200-8276-3F840E0A7C72}"
EndProject
Global
	GlobalSection(SolutionConfigurationPlatforms) = preSolution
		Debug|Any CPU = Debug|Any CPU
		Debug|x86 = Debug|x86
		Release|Any CPU = Release|Any CPU
		Release|x86 = Release|x86
	EndGlobalSection
	GlobalSection(ProjectConfigurationPlatforms) = postSolution
		{8A129020-1853-49FA-9FAC-C060AD6C1F74}.Debug|Any CPU.ActiveCfg = Debug|Any CPU
		{8A129020-1853-49FA-9FAC-C060AD6C1F74}.Debug|Any CPU.Build.0 = Debug|Any CPU
		{8A129020-1853-49FA-9FAC-C060AD6C1F74}.Debug|x86.ActiveCfg = Debug|Any CPU
		{8A129020-1853-49FA-9FAC-C060AD6C1F74}.Debug|x86.Build.0 = Debug|Any CPU
		{8A129020-1853-49FA-9FAC-C060AD6C1F74}.Release|Any CPU.ActiveCfg = Release|Any CPU
		{8A129020-1853-49FA-9FAC-C060AD6C1F74}.Release|Any CPU.Build.0 = Release|Any CPU
		{8A129020-1853-49FA-9FAC-C060AD6C1F74}.Release|x86.ActiveCfg = Release|x86
		{8A129020-1853-49FA-9FAC-C060AD6C1F74}.Release|x86.Build.0 = Release|x86
		{A7F95BF3-4B7C-491B-9893-E76404636B5F}.Debug|Any CPU.ActiveCfg = Debug|Any CPU
		{A7F95BF3-4B7C-491B-9893-E76404636B5F}.Debug|Any CPU.Build.0 = Debug|Any CPU
		{A7F95BF3-4B7C-491B-9893-E76404636B5F}.Debug|x86.ActiveCfg = Debug|Any CPU
		{A7F95BF3-4B7C-491B-9893-E76404636B5F}.Debug|x86.Build.0 = Debug|Any CPU
		{A7F95BF3-4B7C-491B-9893-E76404636B5F}.Release|Any CPU.ActiveCfg = Release|Any CPU
		{A7F95BF3-4B7C-491B-9893-E76404636B5F}.Release|Any CPU.Build.0 = Release|Any CPU
		{A7F95BF3-4B7C-491B-9893-E76404636B5F}.Release|x86.ActiveCfg = Release|Any CPU
		{A7F95BF3-4B7C-491B-9893-E76404636B5F}.Release|x86.Build.0 = Release|Any CPU
		{2C9CD9E3-034E-4F7B-91F4-37151B96C303}.Debug|Any CPU.ActiveCfg = Debug|Any CPU
		{2C9CD9E3-034E-4F7B-91F4-37151B96C303}.Debug|Any CPU.Build.0 = Debug|Any CPU
		{2C9CD9E3-034E-4F7B-91F4-37151B96C303}.Debug|x86.ActiveCfg = Debug|Any CPU
		{2C9CD9E3-034E-4F7B-91F4-37151B96C303}.Debug|x86.Build.0 = Debug|Any CPU
		{2C9CD9E3-034E-4F7B-91F4-37151B96C303}.Release|Any CPU.ActiveCfg = Release|Any CPU
		{2C9CD9E3-034E-4F7B-91F4-37151B96C303}.Release|Any CPU.Build.0 = Release|Any CPU
		{2C9CD9E3-034E-4F7B-91F4-37151B96C303}.Release|x86.ActiveCfg = Release|Any CPU
		{2C9CD9E3-034E-4F7B-91F4-37151B96C303}.Release|x86.Build.0 = Release|Any CPU
		{3D881A50-DB1A-464E-A51E-4CE5EB8BD5F1}.Debug|Any CPU.ActiveCfg = Debug|Any CPU
		{3D881A50-DB1A-464E-A51E-4CE5EB8BD5F1}.Debug|Any CPU.Build.0 = Debug|Any CPU
		{3D881A50-DB1A-464E-A51E-4CE5EB8BD5F1}.Debug|x86.ActiveCfg = Debug|Any CPU
		{3D881A50-DB1A-464E-A51E-4CE5EB8BD5F1}.Debug|x86.Build.0 = Debug|Any CPU
		{3D881A50-DB1A-464E-A51E-4CE5EB8BD5F1}.Release|Any CPU.ActiveCfg = Release|Any CPU
		{3D881A50-DB1A-464E-A51E-4CE5EB8BD5F1}.Release|Any CPU.Build.0 = Release|Any CPU
		{3D881A50-DB1A-464E-A51E-4CE5EB8BD5F1}.Release|x86.ActiveCfg = Release|Any CPU
		{3D881A50-DB1A-464E-A51E-4CE5EB8BD5F1}.Release|x86.Build.0 = Release|Any CPU
		{27C58F1A-4851-4A5B-85F7-C387971543DA}.Debug|Any CPU.ActiveCfg = Debug|Any CPU
		{27C58F1A-4851-4A5B-85F7-C387971543DA}.Debug|Any CPU.Build.0 = Debug|Any CPU
		{27C58F1A-4851-4A5B-85F7-C387971543DA}.Debug|x86.ActiveCfg = Debug|Any CPU
		{27C58F1A-4851-4A5B-85F7-C387971543DA}.Debug|x86.Build.0 = Debug|Any CPU
		{27C58F1A-4851-4A5B-85F7-C387971543DA}.Release|Any CPU.ActiveCfg = Release|Any CPU
		{27C58F1A-4851-4A5B-85F7-C387971543DA}.Release|Any CPU.Build.0 = Release|Any CPU
		{27C58F1A-4851-4A5B-85F7-C387971543DA}.Release|x86.ActiveCfg = Release|Any CPU
		{27C58F1A-4851-4A5B-85F7-C387971543DA}.Release|x86.Build.0 = Release|Any CPU
		{A46528E0-6BB9-4200-8276-3F840E0A7C72}.Debug|Any CPU.ActiveCfg = Debug|Any CPU
		{A46528E0-6BB9-4200-8276-3F840E0A7C72}.Debug|Any CPU.Build.0 = Debug|Any CPU
		{A46528E0-6BB9-4200-8276-3F840E0A7C72}.Debug|x86.ActiveCfg = Debug|Any CPU
		{A46528E0-6BB9-4200-8276-3F840E0A7C72}.Debug|x86.Build.0 = Debug|Any CPU
		{A46528E0-6BB9-4200-8276-3F840E0A7C72}.Release|Any CPU.ActiveCfg = Release|Any CPU
		{A46528E0-6BB9-4200-8276-3F840E0A7C72}.Release|Any CPU.Build.0 = Release|Any CPU
		{A46528E0-6BB9-4200-8276-3F840E0A7C72}.Release|x86.ActiveCfg = Release|Any CPU
		{A46528E0-6BB9-4200-8276-3F840E0A7C72}.Release|x86.Build.0 = Release|Any CPU
	EndGlobalSection
	GlobalSection(SolutionProperties) = preSolution
		HideSolutionNode = FALSE
	EndGlobalSection
EndGlobal
