
Microsoft Visual Studio Solution File, Format Version 12.00
# Visual Studio 15
VisualStudioVersion = 15.0.27130.2026
MinimumVisualStudioVersion = 10.0.40219.1
Project("{FAE04EC0-301F-11D3-BF4B-00C04F79EFBC}") = "LilleWeebie", "LilleWeebie\LilleWeebie.csproj", "{2CCC1183-3264-4F26-A8C2-7CA290D9B7AB}"
EndProject
Global
	GlobalSection(SolutionConfigurationPlatforms) = preSolution
		Debug|Any CPU = Debug|Any CPU
		Release|Any CPU = Release|Any CPU
	EndGlobalSection
	GlobalSection(ProjectConfigurationPlatforms) = postSolution
		{2CCC1183-3264-4F26-A8C2-7CA290D9B7AB}.Debug|Any CPU.ActiveCfg = Debug|Any CPU
		{2CCC1183-3264-4F26-A8C2-7CA290D9B7AB}.Debug|Any CPU.Build.0 = Debug|Any CPU
		{2CCC1183-3264-4F26-A8C2-7CA290D9B7AB}.Debug|Any CPU.Deploy.0 = Debug|Any CPU
		{2CCC1183-3264-4F26-A8C2-7CA290D9B7AB}.Release|Any CPU.ActiveCfg = Debug|Any CPU
		{2CCC1183-3264-4F26-A8C2-7CA290D9B7AB}.Release|Any CPU.Build.0 = Debug|Any CPU
		{2CCC1183-3264-4F26-A8C2-7CA290D9B7AB}.Release|Any CPU.Deploy.0 = Debug|Any CPU
	EndGlobalSection
	GlobalSection(SolutionProperties) = preSolution
		HideSolutionNode = FALSE
	EndGlobalSection
	GlobalSection(ExtensibilityGlobals) = postSolution
		SolutionGuid = {A766AC45-710A-40F8-B2C2-8E255DD1050C}
	EndGlobalSection
EndGlobal
